
Microsoft Visual Studio Solution File, Format Version 12.00
# Visual Studio Version 17
VisualStudioVersion = 17.13.35825.156
MinimumVisualStudioVersion = 10.0.40219.1
Project("{FAE04EC0-301F-11D3-BF4B-00C04F79EFBC}") = "Repository", "src\Infrastructure\Repository\Repository.csproj", "{C8528863-A0DE-4C90-B49C-A0249D691864}"
EndProject
Project("{FAE04EC0-301F-11D3-BF4B-00C04F79EFBC}") = "Application", "src\Application\Application.csproj", "{5BDAB160-5258-45DA-1CDF-4BFCF367E785}"
EndProject
Project("{FAE04EC0-301F-11D3-BF4B-00C04F79EFBC}") = "Domain", "src\Domain\Domain.csproj", "{87EDA1D2-4B5B-E524-38CE-D0BFCA5F4D6B}"
EndProject
Project("{FAE04EC0-301F-11D3-BF4B-00C04F79EFBC}") = "RegisterWorkerTests", "src\Tests\RegisterWorkerTests.csproj", "{FEA58F4E-4811-3E32-0978-05683AEE98C3}"
EndProject
Project("{FAE04EC0-301F-11D3-BF4B-00C04F79EFBC}") = "RegisterWorker", "src\Worker\RegisterWorker.csproj", "{2EABCCAE-1825-6CAF-6F80-BEB2A33ADDAF}"
EndProject
Project("{FAE04EC0-301F-11D3-BF4B-00C04F79EFBC}") = "MicroservicesLogger", "src\Infrastructure\LogManager\MicroservicesLogger.csproj", "{21CC4135-AD72-B163-557E-3C7957BA4589}"
EndProject
Global
	GlobalSection(SolutionConfigurationPlatforms) = preSolution
		Debug|Any CPU = Debug|Any CPU
		Release|Any CPU = Release|Any CPU
	EndGlobalSection
	GlobalSection(ProjectConfigurationPlatforms) = postSolution
		{C8528863-A0DE-4C90-B49C-A0249D691864}.Debug|Any CPU.ActiveCfg = Debug|Any CPU
		{C8528863-A0DE-4C90-B49C-A0249D691864}.Debug|Any CPU.Build.0 = Debug|Any CPU
		{C8528863-A0DE-4C90-B49C-A0249D691864}.Release|Any CPU.ActiveCfg = Release|Any CPU
		{C8528863-A0DE-4C90-B49C-A0249D691864}.Release|Any CPU.Build.0 = Release|Any CPU
		{5BDAB160-5258-45DA-1CDF-4BFCF367E785}.Debug|Any CPU.ActiveCfg = Debug|Any CPU
		{5BDAB160-5258-45DA-1CDF-4BFCF367E785}.Debug|Any CPU.Build.0 = Debug|Any CPU
		{5BDAB160-5258-45DA-1CDF-4BFCF367E785}.Release|Any CPU.ActiveCfg = Release|Any CPU
		{5BDAB160-5258-45DA-1CDF-4BFCF367E785}.Release|Any CPU.Build.0 = Release|Any CPU
		{87EDA1D2-4B5B-E524-38CE-D0BFCA5F4D6B}.Debug|Any CPU.ActiveCfg = Debug|Any CPU
		{87EDA1D2-4B5B-E524-38CE-D0BFCA5F4D6B}.Debug|Any CPU.Build.0 = Debug|Any CPU
		{87EDA1D2-4B5B-E524-38CE-D0BFCA5F4D6B}.Release|Any CPU.ActiveCfg = Release|Any CPU
		{87EDA1D2-4B5B-E524-38CE-D0BFCA5F4D6B}.Release|Any CPU.Build.0 = Release|Any CPU
		{FEA58F4E-4811-3E32-0978-05683AEE98C3}.Debug|Any CPU.ActiveCfg = Debug|Any CPU
		{FEA58F4E-4811-3E32-0978-05683AEE98C3}.Debug|Any CPU.Build.0 = Debug|Any CPU
		{FEA58F4E-4811-3E32-0978-05683AEE98C3}.Release|Any CPU.ActiveCfg = Release|Any CPU
		{FEA58F4E-4811-3E32-0978-05683AEE98C3}.Release|Any CPU.Build.0 = Release|Any CPU
		{2EABCCAE-1825-6CAF-6F80-BEB2A33ADDAF}.Debug|Any CPU.ActiveCfg = Debug|Any CPU
		{2EABCCAE-1825-6CAF-6F80-BEB2A33ADDAF}.Debug|Any CPU.Build.0 = Debug|Any CPU
		{2EABCCAE-1825-6CAF-6F80-BEB2A33ADDAF}.Release|Any CPU.ActiveCfg = Release|Any CPU
		{2EABCCAE-1825-6CAF-6F80-BEB2A33ADDAF}.Release|Any CPU.Build.0 = Release|Any CPU
		{21CC4135-AD72-B163-557E-3C7957BA4589}.Debug|Any CPU.ActiveCfg = Debug|Any CPU
		{21CC4135-AD72-B163-557E-3C7957BA4589}.Debug|Any CPU.Build.0 = Debug|Any CPU
		{21CC4135-AD72-B163-557E-3C7957BA4589}.Release|Any CPU.ActiveCfg = Release|Any CPU
		{21CC4135-AD72-B163-557E-3C7957BA4589}.Release|Any CPU.Build.0 = Release|Any CPU
	EndGlobalSection
	GlobalSection(SolutionProperties) = preSolution
		HideSolutionNode = FALSE
	EndGlobalSection
	GlobalSection(ExtensibilityGlobals) = postSolution
		SolutionGuid = {5B0C0819-6ECA-4536-A95A-65EAF9FA7B4A}
	EndGlobalSection
EndGlobal
